
Microsoft Visual Studio Solution File, Format Version 12.00
# Visual Studio Version 17
VisualStudioVersion = 17.5.33530.505
MinimumVisualStudioVersion = 10.0.40219.1
Project("{FAE04EC0-301F-11D3-BF4B-00C04F79EFBC}") = "FuncaoNumeroMaior", "FuncaoNumeroMaior\FuncaoNumeroMaior.csproj", "{9DB12DED-C049-469A-AAC5-0B9AED8D3C2F}"
EndProject
Global
	GlobalSection(SolutionConfigurationPlatforms) = preSolution
		Debug|Any CPU = Debug|Any CPU
		Release|Any CPU = Release|Any CPU
	EndGlobalSection
	GlobalSection(ProjectConfigurationPlatforms) = postSolution
		{9DB12DED-C049-469A-AAC5-0B9AED8D3C2F}.Debug|Any CPU.ActiveCfg = Debug|Any CPU
		{9DB12DED-C049-469A-AAC5-0B9AED8D3C2F}.Debug|Any CPU.Build.0 = Debug|Any CPU
		{9DB12DED-C049-469A-AAC5-0B9AED8D3C2F}.Release|Any CPU.ActiveCfg = Release|Any CPU
		{9DB12DED-C049-469A-AAC5-0B9AED8D3C2F}.Release|Any CPU.Build.0 = Release|Any CPU
	EndGlobalSection
	GlobalSection(SolutionProperties) = preSolution
		HideSolutionNode = FALSE
	EndGlobalSection
	GlobalSection(ExtensibilityGlobals) = postSolution
		SolutionGuid = {50A2489E-3D34-4F30-A850-D77BDB938D3F}
	EndGlobalSection
EndGlobal
